# Production Linux/Python 3.12 render overlay.
# Regenerate and verify these hashes when PLAYWRIGHT_VERSION changes.
playwright==1.62.0 \
    --hash=sha256:5108bd5b3e87169ddf269feee097da5893af7f8aea4634dfc840518d64c1f1da \
    --hash=sha256:92c0d98ed04eb35af557b709875edba415b1f548bdb22ddb5bb3e1e6c835c2f1 \
    --hash=sha256:ba33bae6a13b3d9d354c751cb618af357d20fe1d57767cbcce52079bbef17ad3 \
    --hash=sha256:d8da938f3748841a8754f2e1f0216902c1c8f8ae3720de8b32ccf8e6913a7c4f \
    --hash=sha256:db2d76613a57ad844362ce42f7d0c2fa26b19a4f7a46d4f76b891c631e6e5aff \
    --hash=sha256:db755ab27db21a04186f1fe8169888e42356086e439b1059b923ef417f0b6034 \
    --hash=sha256:e5614fa89355d7081457680324bb219f79f69c423c5cb6fa250e30b0d8aebf1c \
    --hash=sha256:ea8d3055aa9d5a9f1832ac82517bd8b42c78fac7ebcbebb0107116735c8cb6a1
pyee==13.0.0 \
    --hash=sha256:48195a3cddb3b1515ce0695ed76036b5ccc2ef3a9f963ff9f77aec0139845498
